# This file is automatically @generated by Cargo.
# It is not intended for manual editing.
version = 3

[[package]]
name = "atomic-polyfill"
version = "0.1.10"
dependencies = [
 "critical-section",
]

[[package]]
name = "critical-section"
version = "1.1.0"
source = "registry+https://github.com/rust-lang/crates.io-index"
checksum = "d02ba51481d019be9c74a831d1133c364d78831b75c833478f3a21e1fd91e01a"
